{
  "name": "family-cookbook-replays",
  "lockfileVersion": 3,
  "requires": true,
  "packages": {
    "": {
      "name": "family-cookbook-replays",
      "devDependencies": {
        "claude-replay": "0.8.1"
      }
    },
    "node_modules/claude-replay": {
      "version": "0.8.1",
      "resolved": "https://registry.npmjs.org/claude-replay/-/claude-replay-0.8.1.tgz",
      "integrity": "sha512-ie/16idPhdQANa6ZFoOvfOQgeYlmAdqzv70hM0yZxQofvKJ1OerzM3hurJRseNFkEh4ZBhH3/D1QCA2GTAvVrA==",
      "dev": true,
      "license": "MIT",
      "bin": {
        "claude-replay": "bin/claude-replay.mjs"
      },
      "engines": {
        "node": ">=18"
      }
    }
  }
}
